// !$*UTF8*$!
{
	archiveVersion = 1;
	classes = {
	};
	objectVersion = 56;
	objects = {

/* Begin PBXBuildFile section */
		347F82BD2CA59EF5005DD7B5 /* GithubDemoApp.swift in Sources */ = {isa = PBXBuildFile; fileRef = 347F82BC2CA59EF5005DD7B5 /* GithubDemoApp.swift */; };
		347F82BF2CA59EF5005DD7B5 /* ContentView.swift in Sources */ = {isa = PBXBuildFile; fileRef = 347F82BE2CA59EF5005DD7B5 /* ContentView.swift */; };
		347F82C12CA59EF5005DD7B5 /* Assets.xcassets in Resources */ = {isa = PBXBuildFile; fileRef = 347F82C02CA59EF5005DD7B5 /* Assets.xcassets */; };
		347F82C42CA59EF5005DD7B5 /* Preview Assets.xcassets in Resources */ = {isa = PBXBuildFile; fileRef = 347F82C32CA59EF5005DD7B5 /* Preview Assets.xcassets */; };
		347F82CE2CA59EF6005DD7B5 /* GithubDemoTests.swift in Sources */ = {isa = PBXBuildFile; fileRef = 347F82CD2CA59EF6005DD7B5 /* GithubDemoTests.swift */; };
		347F82D82CA59EF6005DD7B5 /* GithubDemoUITests.swift in Sources */ = {isa = PBXBuildFile; fileRef = 347F82D72CA59EF6005DD7B5 /* GithubDemoUITests.swift */; };
		347F82DA2CA59EF6005DD7B5 /* GithubDemoUITestsLaunchTests.swift in Sources */ = {isa = PBXBuildFile; fileRef = 347F82D92CA59EF6005DD7B5 /* GithubDemoUITestsLaunchTests.swift */; };
/* End PBXBuildFile section */

/* Begin PBXContainerItemProxy section */
		347F82CA2CA59EF6005DD7B5 /* PBXContainerItemProxy */ = {
			isa = PBXContainerItemProxy;
			containerPortal = 347F82B12CA59EF5005DD7B5 /* Project object */;
			proxyType = 1;
			remoteGlobalIDString = 347F82B82CA59EF5005DD7B5;
			remoteInfo = GithubDemo;
		};
		347F82D42CA59EF6005DD7B5 /* PBXContainerItemProxy */ = {
			isa = PBXContainerItemProxy;
			containerPortal = 347F82B12CA59EF5005DD7B5 /* Project object */;
			proxyType = 1;
			remoteGlobalIDString = 347F82B82CA59EF5005DD7B5;
			remoteInfo = GithubDemo;
		};
/* End PBXContainerItemProxy section */

/* Begin PBXFileReference section */
		347F82B92CA59EF5005DD7B5 /* GithubDemo.app */ = {isa = PBXFileReference; explicitFileType = wrapper.application; includeInIndex = 0; path = GithubDemo.app; sourceTree = BUILT_PRODUCTS_DIR; };
		347F82BC2CA59EF5005DD7B5 /* GithubDemoApp.swift */ = {isa = PBXFileReference; lastKnownFileType = sourcecode.swift; path = GithubDemoApp.swift; sourceTree = "<group>"; };
		347F82BE2CA59EF5005DD7B5 /* ContentView.swift */ = {isa = PBXFileReference; lastKnownFileType = sourcecode.swift; path = ContentView.swift; sourceTree = "<group>"; };
		347F82C02CA59EF5005DD7B5 /* Assets.xcassets */ = {isa = PBXFileReference; lastKnownFileType = folder.assetcatalog; path = Assets.xcassets; sourceTree = "<group>"; };
		347F82C32CA59EF5005DD7B5 /* Preview Assets.xcassets */ = {isa = PBXFileReference; lastKnownFileType = folder.assetcatalog; path = "Preview Assets.xcassets"; sourceTree = "<group>"; };
		347F82C92CA59EF6005DD7B5 /* GithubDemoTests.xctest */ = {isa = PBXFileReference; explicitFileType = wrapper.cfbundle; includeInIndex = 0; path = GithubDemoTests.xctest; sourceTree = BUILT_PRODUCTS_DIR; };
		347F82CD2CA59EF6005DD7B5 /* GithubDemoTests.swift */ = {isa = PBXFileReference; lastKnownFileType = sourcecode.swift; path = GithubDemoTests.swift; sourceTree = "<group>"; };
		347F82D32CA59EF6005DD7B5 /* GithubDemoUITests.xctest */ = {isa = PBXFileReference; explicitFileType = wrapper.cfbundle; includeInIndex = 0; path = GithubDemoUITests.xctest; sourceTree = BUILT_PRODUCTS_DIR; };
		347F82D72CA59EF6005DD7B5 /* GithubDemoUITests.swift */ = {isa = PBXFileReference; lastKnownFileType = sourcecode.swift; path = GithubDemoUITests.swift; sourceTree = "<group>"; };
		347F82D92CA59EF6005DD7B5 /* GithubDemoUITestsLaunchTests.swift */ = {isa = PBXFileReference; lastKnownFileType = sourcecode.swift; path = GithubDemoUITestsLaunchTests.swift; sourceTree = "<group>"; };
/* End PBXFileReference section */

/* Begin PBXFrameworksBuildPhase section */
		347F82B62CA59EF5005DD7B5 /* Frameworks */ = {
			isa = PBXFrameworksBuildPhase;
			buildActionMask = 2147483647;
			files = (
			);
			runOnlyForDeploymentPostprocessing = 0;
		};
		347F82C62CA59EF6005DD7B5 /* Frameworks */ = {
			isa = PBXFrameworksBuildPhase;
			buildActionMask = 2147483647;
			files = (
			);
			runOnlyForDeploymentPostprocessing = 0;
		};
		347F82D02CA59EF6005DD7B5 /* Frameworks */ = {
			isa = PBXFrameworksBuildPhase;
			buildActionMask = 2147483647;
			files = (
			);
			runOnlyForDeploymentPostprocessing = 0;
		};
/* End PBXFrameworksBuildPhase section */

/* Begin PBXGroup section */
		347F82B02CA59EF5005DD7B5 = {
			isa = PBXGroup;
			children = (
				347F82BB2CA59EF5005DD7B5 /* GithubDemo */,
				347F82CC2CA59EF6005DD7B5 /* GithubDemoTests */,
				347F82D62CA59EF6005DD7B5 /* GithubDemoUITests */,
				347F82BA2CA59EF5005DD7B5 /* Products */,
			);
			sourceTree = "<group>";
		};
		347F82BA2CA59EF5005DD7B5 /* Products */ = {
			isa = PBXGroup;
			children = (
				347F82B92CA59EF5005DD7B5 /* GithubDemo.app */,
				347F82C92CA59EF6005DD7B5 /* GithubDemoTests.xctest */,
				347F82D32CA59EF6005DD7B5 /* GithubDemoUITests.xctest */,
			);
			name = Products;
			sourceTree = "<group>";
		};
		347F82BB2CA59EF5005DD7B5 /* GithubDemo */ = {
			isa = PBXGroup;
			children = (
				347F82BC2CA59EF5005DD7B5 /* GithubDemoApp.swift */,
				347F82BE2CA59EF5005DD7B5 /* ContentView.swift */,
				347F82C02CA59EF5005DD7B5 /* Assets.xcassets */,
				347F82C22CA59EF5005DD7B5 /* Preview Content */,
			);
			path = GithubDemo;
			sourceTree = "<group>";
		};
		347F82C22CA59EF5005DD7B5 /* Preview Content */ = {
			isa = PBXGroup;
			children = (
				347F82C32CA59EF5005DD7B5 /* Preview Assets.xcassets */,
			);
			path = "Preview Content";
			sourceTree = "<group>";
		};
		347F82CC2CA59EF6005DD7B5 /* GithubDemoTests */ = {
			isa = PBXGroup;
			children = (
				347F82CD2CA59EF6005DD7B5 /* GithubDemoTests.swift */,
			);
			path = GithubDemoTests;
			sourceTree = "<group>";
		};
		347F82D62CA59EF6005DD7B5 /* GithubDemoUITests */ = {
			isa = PBXGroup;
			children = (
				347F82D72CA59EF6005DD7B5 /* GithubDemoUITests.swift */,
				347F82D92CA59EF6005DD7B5 /* GithubDemoUITestsLaunchTests.swift */,
			);
			path = GithubDemoUITests;
			sourceTree = "<group>";
		};
/* End PBXGroup section */

/* Begin PBXNativeTarget section */
		347F82B82CA59EF5005DD7B5 /* GithubDemo */ = {
			isa = PBXNativeTarget;
			buildConfigurationList = 347F82DD2CA59EF6005DD7B5 /* Build configuration list for PBXNativeTarget "GithubDemo" */;
			buildPhases = (
				347F82B52CA59EF5005DD7B5 /* Sources */,
				347F82B62CA59EF5005DD7B5 /* Frameworks */,
				347F82B72CA59EF5005DD7B5 /* Resources */,
			);
			buildRules = (
			);
			dependencies = (
			);
			name = GithubDemo;
			productName = GithubDemo;
			productReference = 347F82B92CA59EF5005DD7B5 /* GithubDemo.app */;
			productType = "com.apple.product-type.application";
		};
		347F82C82CA59EF6005DD7B5 /* GithubDemoTests */ = {
			isa = PBXNativeTarget;
			buildConfigurationList = 347F82E02CA59EF6005DD7B5 /* Build configuration list for PBXNativeTarget "GithubDemoTests" */;
			buildPhases = (
				347F82C52CA59EF6005DD7B5 /* Sources */,
				347F82C62CA59EF6005DD7B5 /* Frameworks */,
				347F82C72CA59EF6005DD7B5 /* Resources */,
			);
			buildRules = (
			);
			dependencies = (
				347F82CB2CA59EF6005DD7B5 /* PBXTargetDependency */,
			);
			name = GithubDemoTests;
			productName = GithubDemoTests;
			productReference = 347F82C92CA59EF6005DD7B5 /* GithubDemoTests.xctest */;
			productType = "com.apple.product-type.bundle.unit-test";
		};
		347F82D22CA59EF6005DD7B5 /* GithubDemoUITests */ = {
			isa = PBXNativeTarget;
			buildConfigurationList = 347F82E32CA59EF6005DD7B5 /* Build configuration list for PBXNativeTarget "GithubDemoUITests" */;
			buildPhases = (
				347F82CF2CA59EF6005DD7B5 /* Sources */,
				347F82D02CA59EF6005DD7B5 /* Frameworks */,
				347F82D12CA59EF6005DD7B5 /* Resources */,
			);
			buildRules = (
			);
			dependencies = (
				347F82D52CA59EF6005DD7B5 /* PBXTargetDependency */,
			);
			name = GithubDemoUITests;
			productName = GithubDemoUITests;
			productReference = 347F82D32CA59EF6005DD7B5 /* GithubDemoUITests.xctest */;
			productType = "com.apple.product-type.bundle.ui-testing";
		};
/* End PBXNativeTarget section */

/* Begin PBXProject section */
		347F82B12CA59EF5005DD7B5 /* Project object */ = {
			isa = PBXProject;
			attributes = {
				BuildIndependentTargetsInParallel = 1;
				LastSwiftUpdateCheck = 1540;
				LastUpgradeCheck = 1540;
				TargetAttributes = {
					347F82B82CA59EF5005DD7B5 = {
						CreatedOnToolsVersion = 15.4;
					};
					347F82C82CA59EF6005DD7B5 = {
						CreatedOnToolsVersion = 15.4;
						TestTargetID = 347F82B82CA59EF5005DD7B5;
					};
					347F82D22CA59EF6005DD7B5 = {
						CreatedOnToolsVersion = 15.4;
						TestTargetID = 347F82B82CA59EF5005DD7B5;
					};
				};
			};
			buildConfigurationList = 347F82B42CA59EF5005DD7B5 /* Build configuration list for PBXProject "GithubDemo" */;
			compatibilityVersion = "Xcode 14.0";
			developmentRegion = en;
			hasScannedForEncodings = 0;
			knownRegions = (
				en,
				Base,
			);
			mainGroup = 347F82B02CA59EF5005DD7B5;
			productRefGroup = 347F82BA2CA59EF5005DD7B5 /* Products */;
			projectDirPath = "";
			projectRoot = "";
			targets = (
				347F82B82CA59EF5005DD7B5 /* GithubDemo */,
				347F82C82CA59EF6005DD7B5 /* GithubDemoTests */,
				347F82D22CA59EF6005DD7B5 /* GithubDemoUITests */,
			);
		};
/* End PBXProject section */

/* Begin PBXResourcesBuildPhase section */
		347F82B72CA59EF5005DD7B5 /* Resources */ = {
			isa = PBXResourcesBuildPhase;
			buildActionMask = 2147483647;
			files = (
				347F82C42CA59EF5005DD7B5 /* Preview Assets.xcassets in Resources */,
				347F82C12CA59EF5005DD7B5 /* Assets.xcassets in Resources */,
			);
			runOnlyForDeploymentPostprocessing = 0;
		};
		347F82C72CA59EF6005DD7B5 /* Resources */ = {
			isa = PBXResourcesBuildPhase;
			buildActionMask = 2147483647;
			files = (
			);
			runOnlyForDeploymentPostprocessing = 0;
		};
		347F82D12CA59EF6005DD7B5 /* Resources */ = {
			isa = PBXResourcesBuildPhase;
			buildActionMask = 2147483647;
			files = (
			);
			runOnlyForDeploymentPostprocessing = 0;
		};
/* End PBXResourcesBuildPhase section */

/* Begin PBXSourcesBuildPhase section */
		347F82B52CA59EF5005DD7B5 /* Sources */ = {
			isa = PBXSourcesBuildPhase;
			buildActionMask = 2147483647;
			files = (
				347F82BF2CA59EF5005DD7B5 /* ContentView.swift in Sources */,
				347F82BD2CA59EF5005DD7B5 /* GithubDemoApp.swift in Sources */,
			);
			runOnlyForDeploymentPostprocessing = 0;
		};
		347F82C52CA59EF6005DD7B5 /* Sources */ = {
			isa = PBXSourcesBuildPhase;
			buildActionMask = 2147483647;
			files = (
				347F82CE2CA59EF6005DD7B5 /* GithubDemoTests.swift in Sources */,
			);
			runOnlyForDeploymentPostprocessing = 0;
		};
		347F82CF2CA59EF6005DD7B5 /* Sources */ = {
			isa = PBXSourcesBuildPhase;
			buildActionMask = 2147483647;
			files = (
				347F82DA2CA59EF6005DD7B5 /* GithubDemoUITestsLaunchTests.swift in Sources */,
				347F82D82CA59EF6005DD7B5 /* GithubDemoUITests.swift in Sources */,
			);
			runOnlyForDeploymentPostprocessing = 0;
		};
/* End PBXSourcesBuildPhase section */

/* Begin PBXTargetDependency section */
		347F82CB2CA59EF6005DD7B5 /* PBXTargetDependency */ = {
			isa = PBXTargetDependency;
			target = 347F82B82CA59EF5005DD7B5 /* GithubDemo */;
			targetProxy = 347F82CA2CA59EF6005DD7B5 /* PBXContainerItemProxy */;
		};
		347F82D52CA59EF6005DD7B5 /* PBXTargetDependency */ = {
			isa = PBXTargetDependency;
			target = 347F82B82CA59EF5005DD7B5 /* GithubDemo */;
			targetProxy = 347F82D42CA59EF6005DD7B5 /* PBXContainerItemProxy */;
		};
/* End PBXTargetDependency section */

/* Begin XCBuildConfiguration section */
		347F82DB2CA59EF6005DD7B5 /* Debug */ = {
			isa = XCBuildConfiguration;
			buildSettings = {
				ALWAYS_SEARCH_USER_PATHS = NO;
				ASSETCATALOG_COMPILER_GENERATE_SWIFT_ASSET_SYMBOL_EXTENSIONS = YES;
				CLANG_ANALYZER_NONNULL = YES;
				CLANG_ANALYZER_NUMBER_OBJECT_CONVERSION = YES_AGGRESSIVE;
				CLANG_CXX_LANGUAGE_STANDARD = "gnu++20";
				CLANG_ENABLE_MODULES = YES;
				CLANG_ENABLE_OBJC_ARC = YES;
				CLANG_ENABLE_OBJC_WEAK = YES;
				CLANG_WARN_BLOCK_CAPTURE_AUTORELEASING = YES;
				CLANG_WARN_BOOL_CONVERSION = YES;
				CLANG_WARN_COMMA = YES;
				CLANG_WARN_CONSTANT_CONVERSION = YES;
				CLANG_WARN_DEPRECATED_OBJC_IMPLEMENTATIONS = YES;
				CLANG_WARN_DIRECT_OBJC_ISA_USAGE = YES_ERROR;
				CLANG_WARN_DOCUMENTATION_COMMENTS = YES;
				CLANG_WARN_EMPTY_BODY = YES;
				CLANG_WARN_ENUM_CONVERSION = YES;
				CLANG_WARN_INFINITE_RECURSION = YES;
				CLANG_WARN_INT_CONVERSION = YES;
				CLANG_WARN_NON_LITERAL_NULL_CONVERSION = YES;
				CLANG_WARN_OBJC_IMPLICIT_RETAIN_SELF = YES;
				CLANG_WARN_OBJC_LITERAL_CONVERSION = YES;
				CLANG_WARN_OBJC_ROOT_CLASS = YES_ERROR;
				CLANG_WARN_QUOTED_INCLUDE_IN_FRAMEWORK_HEADER = YES;
				CLANG_WARN_RANGE_LOOP_ANALYSIS = YES;
				CLANG_WARN_STRICT_PROTOTYPES = YES;
				CLANG_WARN_SUSPICIOUS_MOVE = YES;
				CLANG_WARN_UNGUARDED_AVAILABILITY = YES_AGGRESSIVE;
				CLANG_WARN_UNREACHABLE_CODE = YES;
				CLANG_WARN__DUPLICATE_METHOD_MATCH = YES;
				COPY_PHASE_STRIP = NO;
				DEBUG_INFORMATION_FORMAT = dwarf;
				ENABLE_STRICT_OBJC_MSGSEND = YES;
				ENABLE_TESTABILITY = YES;
				ENABLE_USER_SCRIPT_SANDBOXING = YES;
				GCC_C_LANGUAGE_STANDARD = gnu17;
				GCC_DYNAMIC_NO_PIC = NO;
				GCC_NO_COMMON_BLOCKS = YES;
				GCC_OPTIMIZATION_LEVEL = 0;
				GCC_PREPROCESSOR_DEFINITIONS = (
					"DEBUG=1",
					"$(inherited)",
				);
				GCC_WARN_64_TO_32_BIT_CONVERSION = YES;
				GCC_WARN_ABOUT_RETURN_TYPE = YES_ERROR;
				GCC_WARN_UNDECLARED_SELECTOR = YES;
				GCC_WARN_UNINITIALIZED_AUTOS = YES_AGGRESSIVE;
				GCC_WARN_UNUSED_FUNCTION = YES;
				GCC_WARN_UNUSED_VARIABLE = YES;
				IPHONEOS_DEPLOYMENT_TARGET = 17.5;
				LOCALIZATION_PREFERS_STRING_CATALOGS = YES;
				MTL_ENABLE_DEBUG_INFO = INCLUDE_SOURCE;
				MTL_FAST_MATH = YES;
				ONLY_ACTIVE_ARCH = YES;
				SDKROOT = iphoneos;
				SWIFT_ACTIVE_COMPILATION_CONDITIONS = "DEBUG $(inherited)";
				SWIFT_OPTIMIZATION_LEVEL = "-Onone";
			};
			name = Debug;
		};
		347F82DC2CA59EF6005DD7B5 /* Release */ = {
			isa = XCBuildConfiguration;
			buildSettings = {
				ALWAYS_SEARCH_USER_PATHS = NO;
				ASSETCATALOG_COMPILER_GENERATE_SWIFT_ASSET_SYMBOL_EXTENSIONS = YES;
				CLANG_ANALYZER_NONNULL = YES;
				CLANG_ANALYZER_NUMBER_OBJECT_CONVERSION = YES_AGGRESSIVE;
				CLANG_CXX_LANGUAGE_STANDARD = "gnu++20";
				CLANG_ENABLE_MODULES = YES;
				CLANG_ENABLE_OBJC_ARC = YES;
				CLANG_ENABLE_OBJC_WEAK = YES;
				CLANG_WARN_BLOCK_CAPTURE_AUTORELEASING = YES;
				CLANG_WARN_BOOL_CONVERSION = YES;
				CLANG_WARN_COMMA = YES;
				CLANG_WARN_CONSTANT_CONVERSION = YES;
				CLANG_WARN_DEPRECATED_OBJC_IMPLEMENTATIONS = YES;
				CLANG_WARN_DIRECT_OBJC_ISA_USAGE = YES_ERROR;
				CLANG_WARN_DOCUMENTATION_COMMENTS = YES;
				CLANG_WARN_EMPTY_BODY = YES;
				CLANG_WARN_ENUM_CONVERSION = YES;
				CLANG_WARN_INFINITE_RECURSION = YES;
				CLANG_WARN_INT_CONVERSION = YES;
				CLANG_WARN_NON_LITERAL_NULL_CONVERSION = YES;
				CLANG_WARN_OBJC_IMPLICIT_RETAIN_SELF = YES;
				CLANG_WARN_OBJC_LITERAL_CONVERSION = YES;
				CLANG_WARN_OBJC_ROOT_CLASS = YES_ERROR;
				CLANG_WARN_QUOTED_INCLUDE_IN_FRAMEWORK_HEADER = YES;
				CLANG_WARN_RANGE_LOOP_ANALYSIS = YES;
				CLANG_WARN_STRICT_PROTOTYPES = YES;
				CLANG_WARN_SUSPICIOUS_MOVE = YES;
				CLANG_WARN_UNGUARDED_AVAILABILITY = YES_AGGRESSIVE;
				CLANG_WARN_UNREACHABLE_CODE = YES;
				CLANG_WARN__DUPLICATE_METHOD_MATCH = YES;
				COPY_PHASE_STRIP = NO;
				DEBUG_INFORMATION_FORMAT = "dwarf-with-dsym";
				ENABLE_NS_ASSERTIONS = NO;
				ENABLE_STRICT_OBJC_MSGSEND = YES;
				ENABLE_USER_SCRIPT_SANDBOXING = YES;
				GCC_C_LANGUAGE_STANDARD = gnu17;
				GCC_NO_COMMON_BLOCKS = YES;
				GCC_WARN_64_TO_32_BIT_CONVERSION = YES;
				GCC_WARN_ABOUT_RETURN_TYPE = YES_ERROR;
				GCC_WARN_UNDECLARED_SELECTOR = YES;
				GCC_WARN_UNINITIALIZED_AUTOS = YES_AGGRESSIVE;
				GCC_WARN_UNUSED_FUNCTION = YES;
				GCC_WARN_UNUSED_VARIABLE = YES;
				IPHONEOS_DEPLOYMENT_TARGET = 17.5;
				LOCALIZATION_PREFERS_STRING_CATALOGS = YES;
				MTL_ENABLE_DEBUG_INFO = NO;
				MTL_FAST_MATH = YES;
				SDKROOT = iphoneos;
				SWIFT_COMPILATION_MODE = wholemodule;
				VALIDATE_PRODUCT = YES;
			};
			name = Release;
		};
		347F82DE2CA59EF6005DD7B5 /* Debug */ = {
			isa = XCBuildConfiguration;
			buildSettings = {
				ASSETCATALOG_COMPILER_APPICON_NAME = AppIcon;
				ASSETCATALOG_COMPILER_GLOBAL_ACCENT_COLOR_NAME = AccentColor;
				CODE_SIGN_STYLE = Automatic;
				CURRENT_PROJECT_VERSION = 1;
				DEVELOPMENT_ASSET_PATHS = "\"GithubDemo/Preview Content\"";
				ENABLE_PREVIEWS = YES;
				GENERATE_INFOPLIST_FILE = YES;
				INFOPLIST_KEY_UIApplicationSceneManifest_Generation = YES;
				INFOPLIST_KEY_UIApplicationSupportsIndirectInputEvents = YES;
				INFOPLIST_KEY_UILaunchScreen_Generation = YES;
				INFOPLIST_KEY_UISupportedInterfaceOrientations_iPad = "UIInterfaceOrientationPortrait UIInterfaceOrientationPortraitUpsideDown UIInterfaceOrientationLandscapeLeft UIInterfaceOrientationLandscapeRight";
				INFOPLIST_KEY_UISupportedInterfaceOrientations_iPhone = "UIInterfaceOrientationPortrait UIInterfaceOrientationLandscapeLeft UIInterfaceOrientationLandscapeRight";
				LD_RUNPATH_SEARCH_PATHS = (
					"$(inherited)",
					"@executable_path/Frameworks",
				);
				MARKETING_VERSION = 1.0;
				PRODUCT_BUNDLE_IDENTIFIER = H.GithubDemo;
				PRODUCT_NAME = "$(TARGET_NAME)";
				SWIFT_EMIT_LOC_STRINGS = YES;
				SWIFT_VERSION = 5.0;
				TARGETED_DEVICE_FAMILY = "1,2";
			};
			name = Debug;
		};
		347F82DF2CA59EF6005DD7B5 /* Release */ = {
			isa = XCBuildConfiguration;
			buildSettings = {
				ASSETCATALOG_COMPILER_APPICON_NAME = AppIcon;
				ASSETCATALOG_COMPILER_GLOBAL_ACCENT_COLOR_NAME = AccentColor;
				CODE_SIGN_STYLE = Automatic;
				CURRENT_PROJECT_VERSION = 1;
				DEVELOPMENT_ASSET_PATHS = "\"GithubDemo/Preview Content\"";
				ENABLE_PREVIEWS = YES;
				GENERATE_INFOPLIST_FILE = YES;
				INFOPLIST_KEY_UIApplicationSceneManifest_Generation = YES;
				INFOPLIST_KEY_UIApplicationSupportsIndirectInputEvents = YES;
				INFOPLIST_KEY_UILaunchScreen_Generation = YES;
				INFOPLIST_KEY_UISupportedInterfaceOrientations_iPad = "UIInterfaceOrientationPortrait UIInterfaceOrientationPortraitUpsideDown UIInterfaceOrientationLandscapeLeft UIInterfaceOrientationLandscapeRight";
				INFOPLIST_KEY_UISupportedInterfaceOrientations_iPhone = "UIInterfaceOrientationPortrait UIInterfaceOrientationLandscapeLeft UIInterfaceOrientationLandscapeRight";
				LD_RUNPATH_SEARCH_PATHS = (
					"$(inherited)",
					"@executable_path/Frameworks",
				);
				MARKETING_VERSION = 1.0;
				PRODUCT_BUNDLE_IDENTIFIER = H.GithubDemo;
				PRODUCT_NAME = "$(TARGET_NAME)";
				SWIFT_EMIT_LOC_STRINGS = YES;
				SWIFT_VERSION = 5.0;
				TARGETED_DEVICE_FAMILY = "1,2";
			};
			name = Release;
		};
		347F82E12CA59EF6005DD7B5 /* Debug */ = {
			isa = XCBuildConfiguration;
			buildSettings = {
				ALWAYS_EMBED_SWIFT_STANDARD_LIBRARIES = YES;
				BUNDLE_LOADER = "$(TEST_HOST)";
				CODE_SIGN_STYLE = Automatic;
				CURRENT_PROJECT_VERSION = 1;
				GENERATE_INFOPLIST_FILE = YES;
				IPHONEOS_DEPLOYMENT_TARGET = 17.5;
				MARKETING_VERSION = 1.0;
				PRODUCT_BUNDLE_IDENTIFIER = H.GithubDemoTests;
				PRODUCT_NAME = "$(TARGET_NAME)";
				SWIFT_EMIT_LOC_STRINGS = NO;
				SWIFT_VERSION = 5.0;
				TARGETED_DEVICE_FAMILY = "1,2";
				TEST_HOST = "$(BUILT_PRODUCTS_DIR)/GithubDemo.app/$(BUNDLE_EXECUTABLE_FOLDER_PATH)/GithubDemo";
			};
			name = Debug;
		};
		347F82E22CA59EF6005DD7B5 /* Release */ = {
			isa = XCBuildConfiguration;
			buildSettings = {
				ALWAYS_EMBED_SWIFT_STANDARD_LIBRARIES = YES;
				BUNDLE_LOADER = "$(TEST_HOST)";
				CODE_SIGN_STYLE = Automatic;
				CURRENT_PROJECT_VERSION = 1;
				GENERATE_INFOPLIST_FILE = YES;
				IPHONEOS_DEPLOYMENT_TARGET = 17.5;
				MARKETING_VERSION = 1.0;
				PRODUCT_BUNDLE_IDENTIFIER = H.GithubDemoTests;
				PRODUCT_NAME = "$(TARGET_NAME)";
				SWIFT_EMIT_LOC_STRINGS = NO;
				SWIFT_VERSION = 5.0;
				TARGETED_DEVICE_FAMILY = "1,2";
				TEST_HOST = "$(BUILT_PRODUCTS_DIR)/GithubDemo.app/$(BUNDLE_EXECUTABLE_FOLDER_PATH)/GithubDemo";
			};
			name = Release;
		};
		347F82E42CA59EF6005DD7B5 /* Debug */ = {
			isa = XCBuildConfiguration;
			buildSettings = {
				ALWAYS_EMBED_SWIFT_STANDARD_LIBRARIES = YES;
				CODE_SIGN_STYLE = Automatic;
				CURRENT_PROJECT_VERSION = 1;
				GENERATE_INFOPLIST_FILE = YES;
				MARKETING_VERSION = 1.0;
				PRODUCT_BUNDLE_IDENTIFIER = H.GithubDemoUITests;
				PRODUCT_NAME = "$(TARGET_NAME)";
				SWIFT_EMIT_LOC_STRINGS = NO;
				SWIFT_VERSION = 5.0;
				TARGETED_DEVICE_FAMILY = "1,2";
				TEST_TARGET_NAME = GithubDemo;
			};
			name = Debug;
		};
		347F82E52CA59EF6005DD7B5 /* Release */ = {
			isa = XCBuildConfiguration;
			buildSettings = {
				ALWAYS_EMBED_SWIFT_STANDARD_LIBRARIES = YES;
				CODE_SIGN_STYLE = Automatic;
				CURRENT_PROJECT_VERSION = 1;
				GENERATE_INFOPLIST_FILE = YES;
				MARKETING_VERSION = 1.0;
				PRODUCT_BUNDLE_IDENTIFIER = H.GithubDemoUITests;
				PRODUCT_NAME = "$(TARGET_NAME)";
				SWIFT_EMIT_LOC_STRINGS = NO;
				SWIFT_VERSION = 5.0;
				TARGETED_DEVICE_FAMILY = "1,2";
				TEST_TARGET_NAME = GithubDemo;
			};
			name = Release;
		};
/* End XCBuildConfiguration section */

/* Begin XCConfigurationList section */
		347F82B42CA59EF5005DD7B5 /* Build configuration list for PBXProject "GithubDemo" */ = {
			isa = XCConfigurationList;
			buildConfigurations = (
				347F82DB2CA59EF6005DD7B5 /* Debug */,
				347F82DC2CA59EF6005DD7B5 /* Release */,
			);
			defaultConfigurationIsVisible = 0;
			defaultConfigurationName = Release;
		};
		347F82DD2CA59EF6005DD7B5 /* Build configuration list for PBXNativeTarget "GithubDemo" */ = {
			isa = XCConfigurationList;
			buildConfigurations = (
				347F82DE2CA59EF6005DD7B5 /* Debug */,
				347F82DF2CA59EF6005DD7B5 /* Release */,
			);
			defaultConfigurationIsVisible = 0;
			defaultConfigurationName = Release;
		};
		347F82E02CA59EF6005DD7B5 /* Build configuration list for PBXNativeTarget "GithubDemoTests" */ = {
			isa = XCConfigurationList;
			buildConfigurations = (
				347F82E12CA59EF6005DD7B5 /* Debug */,
				347F82E22CA59EF6005DD7B5 /* Release */,
			);
			defaultConfigurationIsVisible = 0;
			defaultConfigurationName = Release;
		};
		347F82E32CA59EF6005DD7B5 /* Build configuration list for PBXNativeTarget "GithubDemoUITests" */ = {
			isa = XCConfigurationList;
			buildConfigurations = (
				347F82E42CA59EF6005DD7B5 /* Debug */,
				347F82E52CA59EF6005DD7B5 /* Release */,
			);
			defaultConfigurationIsVisible = 0;
			defaultConfigurationName = Release;
		};
/* End XCConfigurationList section */
	};
	rootObject = 347F82B12CA59EF5005DD7B5 /* Project object */;
}
